
Microsoft Visual Studio Solution File, Format Version 12.00
# Visual Studio Version 17
VisualStudioVersion = 17.14.36327.8 d17.14
MinimumVisualStudioVersion = 10.0.40219.1
Project("{FAE04EC0-301F-11D3-BF4B-00C04F79EFBC}") = "Day10PracticeMVCASPNET", "Day10PracticeMVCASPNET\Day10PracticeMVCASPNET.csproj", "{40190696-B3BD-42D9-87AD-E327533DFEDA}"
EndProject
Project("{FAE04EC0-301F-11D3-BF4B-00C04F79EFBC}") = "Day10PracticeCode.Nunit", "Day10PracticeCode.Nunit\Day10PracticeCode.Nunit.csproj", "{5ED76EC8-EF07-4487-9F4C-1F7935BB712F}"
EndProject
Global
	GlobalSection(SolutionConfigurationPlatforms) = preSolution
		Debug|Any CPU = Debug|Any CPU
		Release|Any CPU = Release|Any CPU
	EndGlobalSection
	GlobalSection(ProjectConfigurationPlatforms) = postSolution
		{40190696-B3BD-42D9-87AD-E327533DFEDA}.Debug|Any CPU.ActiveCfg = Debug|Any CPU
		{40190696-B3BD-42D9-87AD-E327533DFEDA}.Debug|Any CPU.Build.0 = Debug|Any CPU
		{40190696-B3BD-42D9-87AD-E327533DFEDA}.Release|Any CPU.ActiveCfg = Release|Any CPU
		{40190696-B3BD-42D9-87AD-E327533DFEDA}.Release|Any CPU.Build.0 = Release|Any CPU
		{5ED76EC8-EF07-4487-9F4C-1F7935BB712F}.Debug|Any CPU.ActiveCfg = Debug|Any CPU
		{5ED76EC8-EF07-4487-9F4C-1F7935BB712F}.Debug|Any CPU.Build.0 = Debug|Any CPU
		{5ED76EC8-EF07-4487-9F4C-1F7935BB712F}.Release|Any CPU.ActiveCfg = Release|Any CPU
		{5ED76EC8-EF07-4487-9F4C-1F7935BB712F}.Release|Any CPU.Build.0 = Release|Any CPU
	EndGlobalSection
	GlobalSection(SolutionProperties) = preSolution
		HideSolutionNode = FALSE
	EndGlobalSection
	GlobalSection(ExtensibilityGlobals) = postSolution
		SolutionGuid = {DEDECC0E-F0F5-4F61-ACD0-890809837214}
	EndGlobalSection
EndGlobal
