
Microsoft Visual Studio Solution File, Format Version 12.00
# Visual Studio Version 17
VisualStudioVersion = 17.14.36408.4 d17.14
MinimumVisualStudioVersion = 10.0.40219.1
Project("{FAE04EC0-301F-11D3-BF4B-00C04F79EFBC}") = "BookMVCPractice", "BookMVCPractice\BookMVCPractice.csproj", "{1E5BE545-A222-4F36-A291-A8EAF639810F}"
EndProject
Global
	GlobalSection(SolutionConfigurationPlatforms) = preSolution
		Debug|Any CPU = Debug|Any CPU
		Release|Any CPU = Release|Any CPU
	EndGlobalSection
	GlobalSection(ProjectConfigurationPlatforms) = postSolution
		{1E5BE545-A222-4F36-A291-A8EAF639810F}.Debug|Any CPU.ActiveCfg = Debug|Any CPU
		{1E5BE545-A222-4F36-A291-A8EAF639810F}.Debug|Any CPU.Build.0 = Debug|Any CPU
		{1E5BE545-A222-4F36-A291-A8EAF639810F}.Release|Any CPU.ActiveCfg = Release|Any CPU
		{1E5BE545-A222-4F36-A291-A8EAF639810F}.Release|Any CPU.Build.0 = Release|Any CPU
	EndGlobalSection
	GlobalSection(SolutionProperties) = preSolution
		HideSolutionNode = FALSE
	EndGlobalSection
	GlobalSection(ExtensibilityGlobals) = postSolution
		SolutionGuid = {73952F35-CCD5-41DA-ABD9-8B394A2875C5}
	EndGlobalSection
EndGlobal
