
Microsoft Visual Studio Solution File, Format Version 12.00
# Visual Studio Version 17
VisualStudioVersion = 17.14.36310.24 d17.14
MinimumVisualStudioVersion = 10.0.40219.1
Project("{FAE04EC0-301F-11D3-BF4B-00C04F79EFBC}") = "PracticeDay8Q2", "PracticeDay8Q2\PracticeDay8Q2.csproj", "{C7583778-BFB0-443C-BF36-4FBD1EE2CC40}"
EndProject
Project("{FAE04EC0-301F-11D3-BF4B-00C04F79EFBC}") = "LibraryNUnit.NUnit", "LibraryNUnit.NUnit\LibraryNUnit.NUnit.csproj", "{6BE52ABB-EE09-45C3-8187-24187EA1E352}"
EndProject
Global
	GlobalSection(SolutionConfigurationPlatforms) = preSolution
		Debug|Any CPU = Debug|Any CPU
		Release|Any CPU = Release|Any CPU
	EndGlobalSection
	GlobalSection(ProjectConfigurationPlatforms) = postSolution
		{C7583778-BFB0-443C-BF36-4FBD1EE2CC40}.Debug|Any CPU.ActiveCfg = Debug|Any CPU
		{C7583778-BFB0-443C-BF36-4FBD1EE2CC40}.Debug|Any CPU.Build.0 = Debug|Any CPU
		{C7583778-BFB0-443C-BF36-4FBD1EE2CC40}.Release|Any CPU.ActiveCfg = Release|Any CPU
		{C7583778-BFB0-443C-BF36-4FBD1EE2CC40}.Release|Any CPU.Build.0 = Release|Any CPU
		{6BE52ABB-EE09-45C3-8187-24187EA1E352}.Debug|Any CPU.ActiveCfg = Debug|Any CPU
		{6BE52ABB-EE09-45C3-8187-24187EA1E352}.Debug|Any CPU.Build.0 = Debug|Any CPU
		{6BE52ABB-EE09-45C3-8187-24187EA1E352}.Release|Any CPU.ActiveCfg = Release|Any CPU
		{6BE52ABB-EE09-45C3-8187-24187EA1E352}.Release|Any CPU.Build.0 = Release|Any CPU
	EndGlobalSection
	GlobalSection(SolutionProperties) = preSolution
		HideSolutionNode = FALSE
	EndGlobalSection
	GlobalSection(ExtensibilityGlobals) = postSolution
		SolutionGuid = {9EB79B13-6E6F-4B85-8EA2-547AF8915B92}
	EndGlobalSection
EndGlobal
